
Microsoft Visual Studio Solution File, Format Version 11.00
# Visual C# Express 2010
Project("{FAE04EC0-301F-11D3-BF4B-00C04F79EFBC}") = "ArithMittel", "ArithMittel\ArithMittel.csproj", "{8C2897A9-427B-472F-A826-B6BA7FDFD291}"
EndProject
Global
	GlobalSection(SolutionConfigurationPlatforms) = preSolution
		Debug|x86 = Debug|x86
		Release|x86 = Release|x86
	EndGlobalSection
	GlobalSection(ProjectConfigurationPlatforms) = postSolution
		{8C2897A9-427B-472F-A826-B6BA7FDFD291}.Debug|x86.ActiveCfg = Debug|x86
		{8C2897A9-427B-472F-A826-B6BA7FDFD291}.Debug|x86.Build.0 = Debug|x86
		{8C2897A9-427B-472F-A826-B6BA7FDFD291}.Release|x86.ActiveCfg = Release|x86
		{8C2897A9-427B-472F-A826-B6BA7FDFD291}.Release|x86.Build.0 = Release|x86
	EndGlobalSection
	GlobalSection(SolutionProperties) = preSolution
		HideSolutionNode = FALSE
	EndGlobalSection
EndGlobal
