
Microsoft Visual Studio Solution File, Format Version 11.00
# Visual C# Express 2010
Project("{FAE04EC0-301F-11D3-BF4B-00C04F79EFBC}") = "XYPolar", "XYPolar\XYPolar.csproj", "{EECE6595-BD05-405A-A139-E8A3ED39B858}"
EndProject
Global
	GlobalSection(SolutionConfigurationPlatforms) = preSolution
		Debug|x86 = Debug|x86
		Release|x86 = Release|x86
	EndGlobalSection
	GlobalSection(ProjectConfigurationPlatforms) = postSolution
		{EECE6595-BD05-405A-A139-E8A3ED39B858}.Debug|x86.ActiveCfg = Debug|x86
		{EECE6595-BD05-405A-A139-E8A3ED39B858}.Debug|x86.Build.0 = Debug|x86
		{EECE6595-BD05-405A-A139-E8A3ED39B858}.Release|x86.ActiveCfg = Release|x86
		{EECE6595-BD05-405A-A139-E8A3ED39B858}.Release|x86.Build.0 = Release|x86
	EndGlobalSection
	GlobalSection(SolutionProperties) = preSolution
		HideSolutionNode = FALSE
	EndGlobalSection
EndGlobal
